
Microsoft Visual Studio Solution File, Format Version 12.00
# Visual Studio 14
VisualStudioVersion = 14.0.25420.1
MinimumVisualStudioVersion = 10.0.40219.1
Project("{FAE04EC0-301F-11D3-BF4B-00C04F79EFBC}") = "MiniGame", "MiniGame\MiniGame.csproj", "{19DE2870-56D3-4DB2-B2FB-1791BEC55834}"
EndProject
Project("{54435603-DBB4-11D2-8724-00A0C9A8B90C}") = "MiniGameSetup", "MiniGameSetup\MiniGameSetup.vdproj", "{683FA98E-28A9-45FE-B123-4A2FBB81B8BA}"
EndProject
Global
	GlobalSection(SolutionConfigurationPlatforms) = preSolution
		Debug|Any CPU = Debug|Any CPU
		Release|Any CPU = Release|Any CPU
	EndGlobalSection
	GlobalSection(ProjectConfigurationPlatforms) = postSolution
		{19DE2870-56D3-4DB2-B2FB-1791BEC55834}.Debug|Any CPU.ActiveCfg = Debug|Any CPU
		{19DE2870-56D3-4DB2-B2FB-1791BEC55834}.Debug|Any CPU.Build.0 = Debug|Any CPU
		{19DE2870-56D3-4DB2-B2FB-1791BEC55834}.Debug|Any CPU.Deploy.0 = Debug|Any CPU
		{19DE2870-56D3-4DB2-B2FB-1791BEC55834}.Release|Any CPU.ActiveCfg = Release|Any CPU
		{19DE2870-56D3-4DB2-B2FB-1791BEC55834}.Release|Any CPU.Build.0 = Release|Any CPU
		{683FA98E-28A9-45FE-B123-4A2FBB81B8BA}.Debug|Any CPU.ActiveCfg = Debug
		{683FA98E-28A9-45FE-B123-4A2FBB81B8BA}.Release|Any CPU.ActiveCfg = Release
	EndGlobalSection
	GlobalSection(SolutionProperties) = preSolution
		HideSolutionNode = FALSE
	EndGlobalSection
	GlobalSection(SolutionConfigurationPlatforms) = preSolution
		Debug|Any CPU = Debug|Any CPU
		Release|Any CPU = Release|Any CPU
	EndGlobalSection
EndGlobal
